{
  "originHash" : "b2c3753432296a3927ad11a56167322e82dfd67818c813eaf47e1d9efe6a1d3e",
  "pins" : [
    {
      "identity" : "imglyengine-swift",
      "kind" : "remoteSourceControl",
      "location" : "https://github.com/imgly/IMGLYEngine-swift.git",
      "state" : {
        "revision" : "eb8ce1486f1b4870db19ecc25e2db40cde2c139e",
        "version" : "1.65.0-rc.0"
      }
    },
    {
      "identity" : "kingfisher",
      "kind" : "remoteSourceControl",
      "location" : "https://github.com/onevcat/Kingfisher.git",
      "state" : {
        "revision" : "4d75de347da985a70c63af4d799ed482021f6733",
        "version" : "8.6.1"
      }
    },
    {
      "identity" : "swiftui-introspect",
      "kind" : "remoteSourceControl",
      "location" : "https://github.com/siteline/SwiftUI-Introspect.git",
      "state" : {
        "revision" : "807f73ce09a9b9723f12385e592b4e0aaebd3336",
        "version" : "1.3.0"
      }
    }
  ],
  "version" : 3
}
